
Microsoft Visual Studio Solution File, Format Version 12.00
# Visual Studio 15
VisualStudioVersion = 15.0.28010.2019
MinimumVisualStudioVersion = 10.0.40219.1
Project("{FAE04EC0-301F-11D3-BF4B-00C04F79EFBC}") = "NetCore2.1-ProvidersAuthentication", "NetCore2.1-ProvidersAuthentication\NetCore2.1-ProvidersAuthentication.csproj", "{27C9AA9E-1A90-47C2-B010-D3C41C06E5AD}"
EndProject
Global
	GlobalSection(SolutionConfigurationPlatforms) = preSolution
		Debug|Any CPU = Debug|Any CPU
		Release|Any CPU = Release|Any CPU
	EndGlobalSection
	GlobalSection(ProjectConfigurationPlatforms) = postSolution
		{27C9AA9E-1A90-47C2-B010-D3C41C06E5AD}.Debug|Any CPU.ActiveCfg = Debug|Any CPU
		{27C9AA9E-1A90-47C2-B010-D3C41C06E5AD}.Debug|Any CPU.Build.0 = Debug|Any CPU
		{27C9AA9E-1A90-47C2-B010-D3C41C06E5AD}.Release|Any CPU.ActiveCfg = Release|Any CPU
		{27C9AA9E-1A90-47C2-B010-D3C41C06E5AD}.Release|Any CPU.Build.0 = Release|Any CPU
	EndGlobalSection
	GlobalSection(SolutionProperties) = preSolution
		HideSolutionNode = FALSE
	EndGlobalSection
	GlobalSection(ExtensibilityGlobals) = postSolution
		SolutionGuid = {CA61587A-2719-4FB7-B3C4-B4CCB62A351F}
	EndGlobalSection
EndGlobal
